PODS:
  - boost (1.76.0)
  - DoubleConversion (1.1.6)
  - FBLazyVector (0.72.6)
  - FBReactNativeSpec (0.72.6):
    - RCT-Folly (= 2021.07.22.00)
    - RCTRequired (= 0.72.6)
    - RCTTypeSafety (= 0.72.6)
    - React-Core (= 0.72.6)
    - React-jsi (= 0.72.6)
    - ReactCommon/turbomodule/core (= 0.72.6)
  - fmt (6.2.1)
  - glog (0.3.5)
  - hermes-engine (0.72.6):
    - hermes-engine/Pre-built (= 0.72.6)
  - hermes-engine/Pre-built (0.72.6)
  - libevent (2.1.12)
  - libwebp (1.5.0):
    - libwebp/demux (= 1.5.0)
    - libwebp/mux (= 1.5.0)
    - libwebp/sharpyuv (= 1.5.0)
    - libwebp/webp (= 1.5.0)
  - libwebp/demux (1.5.0):
    - libwebp/webp
  - libwebp/mux (1.5.0):
    - libwebp/demux
  - libwebp/sharpyuv (1.5.0)
  - libwebp/webp (1.5.0):
    - libwebp/sharpyuv
  - RCT-Folly (2021.07.22.00):
    - boost
    - DoubleConversion
    - fmt (~> 6.2.1)
    - glog
    - RCT-Folly/Default (= 2021.07.22.00)
  - RCT-Folly/Default (2021.07.22.00):
    - boost
    - DoubleConversion
    - fmt (~> 6.2.1)
    - glog
  - RCT-Folly/Futures (2021.07.22.00):
    - boost
    - DoubleConversion
    - fmt (~> 6.2.1)
    - glog
    - libevent
  - RCTRequired (0.72.6)
  - RCTTypeSafety (0.72.6):
    - FBLazyVector (= 0.72.6)
    - RCTRequired (= 0.72.6)
    - React-Core (= 0.72.6)
  - React (0.72.6):
    - React-Core (= 0.72.6)
    - React-Core/DevSupport (= 0.72.6)
    - React-Core/RCTWebSocket (= 0.72.6)
    - React-RCTActionSheet (= 0.72.6)
    - React-RCTAnimation (= 0.72.6)
    - React-RCTBlob (= 0.72.6)
    - React-RCTImage (= 0.72.6)
    - React-RCTLinking (= 0.72.6)
    - React-RCTNetwork (= 0.72.6)
    - React-RCTSettings (= 0.72.6)
    - React-RCTText (= 0.72.6)
    - React-RCTVibration (= 0.72.6)
  - React-callinvoker (0.72.6)
  - React-Codegen (0.72.6):
    - DoubleConversion
    - FBReactNativeSpec
    - glog
    - hermes-engine
    - RCT-Folly
    - RCTRequired
    - RCTTypeSafety
    - React-Core
    - React-jsi
    - React-jsiexecutor
    - React-NativeModulesApple
    - React-rncore
    - ReactCommon/turbomodule/bridging
    - ReactCommon/turbomodule/core
  - React-Core (0.72.6):
    - glog
    - hermes-engine
    - RCT-Folly (= 2021.07.22.00)
    - React-Core/Default (= 0.72.6)
    - React-cxxreact
    - React-hermes
    - React-jsi
    - React-jsiexecutor
    - React-perflogger
    - React-runtimeexecutor
    - React-utils
    - SocketRocket (= 0.6.1)
    - Yoga
  - React-Core/CoreModulesHeaders (0.72.6):
    - glog
    - hermes-engine
    - RCT-Folly (= 2021.07.22.00)
    - React-Core/Default
    - React-cxxreact
    - React-hermes
    - React-jsi
    - React-jsiexecutor
    - React-perflogger
    - React-runtimeexecutor
    - React-utils
    - SocketRocket (= 0.6.1)
    - Yoga
  - React-Core/Default (0.72.6):
    - glog
    - hermes-engine
    - RCT-Folly (= 2021.07.22.00)
    - React-cxxreact
    - React-hermes
    - React-jsi
    - React-jsiexecutor
    - React-perflogger
    - React-runtimeexecutor
    - React-utils
    - SocketRocket (= 0.6.1)
    - Yoga
  - React-Core/DevSupport (0.72.6):
    - glog
    - hermes-engine
    - RCT-Folly (= 2021.07.22.00)
    - React-Core/Default (= 0.72.6)
    - React-Core/RCTWebSocket (= 0.72.6)
    - React-cxxreact
    - React-hermes
    - React-jsi
    - React-jsiexecutor
    - React-jsinspector (= 0.72.6)
    - React-perflogger
    - React-runtimeexecutor
    - React-utils
    - SocketRocket (= 0.6.1)
    - Yoga
  - React-Core/RCTActionSheetHeaders (0.72.6):
    - glog
    - hermes-engine
    - RCT-Folly (= 2021.07.22.00)
    - React-Core/Default
    - React-cxxreact
    - React-hermes
    - React-jsi
    - React-jsiexecutor
    - React-perflogger
    - React-runtimeexecutor
    - React-utils
    - SocketRocket (= 0.6.1)
    - Yoga
  - React-Core/RCTAnimationHeaders (0.72.6):
    - glog
    - hermes-engine
    - RCT-Folly (= 2021.07.22.00)
    - React-Core/Default
    - React-cxxreact
    - React-hermes
    - React-jsi
    - React-jsiexecutor
    - React-perflogger
    - React-runtimeexecutor
    - React-utils
    - SocketRocket (= 0.6.1)
    - Yoga
  - React-Core/RCTBlobHeaders (0.72.6):
    - glog
    - hermes-engine
    - RCT-Folly (= 2021.07.22.00)
    - React-Core/Default
    - React-cxxreact
    - React-hermes
    - React-jsi
    - React-jsiexecutor
    - React-perflogger
    - React-runtimeexecutor
    - React-utils
    - SocketRocket (= 0.6.1)
    - Yoga
  - React-Core/RCTImageHeaders (0.72.6):
    - glog
    - hermes-engine
    - RCT-Folly (= 2021.07.22.00)
    - React-Core/Default
    - React-cxxreact
    - React-hermes
    - React-jsi
    - React-jsiexecutor
    - React-perflogger
    - React-runtimeexecutor
    - React-utils
    - SocketRocket (= 0.6.1)
    - Yoga
  - React-Core/RCTLinkingHeaders (0.72.6):
    - glog
    - hermes-engine
    - RCT-Folly (= 2021.07.22.00)
    - React-Core/Default
    - React-cxxreact
    - React-hermes
    - React-jsi
    - React-jsiexecutor
    - React-perflogger
    - React-runtimeexecutor
    - React-utils
    - SocketRocket (= 0.6.1)
    - Yoga
  - React-Core/RCTNetworkHeaders (0.72.6):
    - glog
    - hermes-engine
    - RCT-Folly (= 2021.07.22.00)
    - React-Core/Default
    - React-cxxreact
    - React-hermes
    - React-jsi
    - React-jsiexecutor
    - React-perflogger
    - React-runtimeexecutor
    - React-utils
    - SocketRocket (= 0.6.1)
    - Yoga
  - React-Core/RCTSettingsHeaders (0.72.6):
    - glog
    - hermes-engine
    - RCT-Folly (= 2021.07.22.00)
    - React-Core/Default
    - React-cxxreact
    - React-hermes
    - React-jsi
    - React-jsiexecutor
    - React-perflogger
    - React-runtimeexecutor
    - React-utils
    - SocketRocket (= 0.6.1)
    - Yoga
  - React-Core/RCTTextHeaders (0.72.6):
    - glog
    - hermes-engine
    - RCT-Folly (= 2021.07.22.00)
    - React-Core/Default
    - React-cxxreact
    - React-hermes
    - React-jsi
    - React-jsiexecutor
    - React-perflogger
    - React-runtimeexecutor
    - React-utils
    - SocketRocket (= 0.6.1)
    - Yoga
  - React-Core/RCTVibrationHeaders (0.72.6):
    - glog
    - hermes-engine
    - RCT-Folly (= 2021.07.22.00)
    - React-Core/Default
    - React-cxxreact
    - React-hermes
    - React-jsi
    - React-jsiexecutor
    - React-perflogger
    - React-runtimeexecutor
    - React-utils
    - SocketRocket (= 0.6.1)
    - Yoga
  - React-Core/RCTWebSocket (0.72.6):
    - glog
    - hermes-engine
    - RCT-Folly (= 2021.07.22.00)
    - React-Core/Default (= 0.72.6)
    - React-cxxreact
    - React-hermes
    - React-jsi
    - React-jsiexecutor
    - React-perflogger
    - React-runtimeexecutor
    - React-utils
    - SocketRocket (= 0.6.1)
    - Yoga
  - React-CoreModules (0.72.6):
    - RCT-Folly (= 2021.07.22.00)
    - RCTTypeSafety (= 0.72.6)
    - React-Codegen (= 0.72.6)
    - React-Core/CoreModulesHeaders (= 0.72.6)
    - React-jsi (= 0.72.6)
    - React-RCTBlob
    - React-RCTImage (= 0.72.6)
    - ReactCommon/turbomodule/core (= 0.72.6)
    - SocketRocket (= 0.6.1)
  - React-cxxreact (0.72.6):
    - boost (= 1.76.0)
    - DoubleConversion
    - glog
    - hermes-engine
    - RCT-Folly (= 2021.07.22.00)
    - React-callinvoker (= 0.72.6)
    - React-debug (= 0.72.6)
    - React-jsi (= 0.72.6)
    - React-jsinspector (= 0.72.6)
    - React-logger (= 0.72.6)
    - React-perflogger (= 0.72.6)
    - React-runtimeexecutor (= 0.72.6)
  - React-debug (0.72.6)
  - React-hermes (0.72.6):
    - DoubleConversion
    - glog
    - hermes-engine
    - RCT-Folly (= 2021.07.22.00)
    - RCT-Folly/Futures (= 2021.07.22.00)
    - React-cxxreact (= 0.72.6)
    - React-jsi
    - React-jsiexecutor (= 0.72.6)
    - React-jsinspector (= 0.72.6)
    - React-perflogger (= 0.72.6)
  - React-jsi (0.72.6):
    - boost (= 1.76.0)
    - DoubleConversion
    - glog
    - hermes-engine
    - RCT-Folly (= 2021.07.22.00)
  - React-jsiexecutor (0.72.6):
    - DoubleConversion
    - glog
    - hermes-engine
    - RCT-Folly (= 2021.07.22.00)
    - React-cxxreact (= 0.72.6)
    - React-jsi (= 0.72.6)
    - React-perflogger (= 0.72.6)
  - React-jsinspector (0.72.6)
  - React-logger (0.72.6):
    - glog
  - react-native-safe-area-context (5.6.1):
    - React-Core
  - React-NativeModulesApple (0.72.6):
    - hermes-engine
    - React-callinvoker
    - React-Core
    - React-cxxreact
    - React-jsi
    - React-runtimeexecutor
    - ReactCommon/turbomodule/bridging
    - ReactCommon/turbomodule/core
  - React-perflogger (0.72.6)
  - React-RCTActionSheet (0.72.6):
    - React-Core/RCTActionSheetHeaders (= 0.72.6)
  - React-RCTAnimation (0.72.6):
    - RCT-Folly (= 2021.07.22.00)
    - RCTTypeSafety (= 0.72.6)
    - React-Codegen (= 0.72.6)
    - React-Core/RCTAnimationHeaders (= 0.72.6)
    - React-jsi (= 0.72.6)
    - ReactCommon/turbomodule/core (= 0.72.6)
  - React-RCTAppDelegate (0.72.6):
    - RCT-Folly
    - RCTRequired
    - RCTTypeSafety
    - React-Core
    - React-CoreModules
    - React-hermes
    - React-NativeModulesApple
    - React-RCTImage
    - React-RCTNetwork
    - React-runtimescheduler
    - ReactCommon/turbomodule/core
  - React-RCTBlob (0.72.6):
    - hermes-engine
    - RCT-Folly (= 2021.07.22.00)
    - React-Codegen (= 0.72.6)
    - React-Core/RCTBlobHeaders (= 0.72.6)
    - React-Core/RCTWebSocket (= 0.72.6)
    - React-jsi (= 0.72.6)
    - React-RCTNetwork (= 0.72.6)
    - ReactCommon/turbomodule/core (= 0.72.6)
  - React-RCTImage (0.72.6):
    - RCT-Folly (= 2021.07.22.00)
    - RCTTypeSafety (= 0.72.6)
    - React-Codegen (= 0.72.6)
    - React-Core/RCTImageHeaders (= 0.72.6)
    - React-jsi (= 0.72.6)
    - React-RCTNetwork (= 0.72.6)
    - ReactCommon/turbomodule/core (= 0.72.6)
  - React-RCTLinking (0.72.6):
    - React-Codegen (= 0.72.6)
    - React-Core/RCTLinkingHeaders (= 0.72.6)
    - React-jsi (= 0.72.6)
    - ReactCommon/turbomodule/core (= 0.72.6)
  - React-RCTNetwork (0.72.6):
    - RCT-Folly (= 2021.07.22.00)
    - RCTTypeSafety (= 0.72.6)
    - React-Codegen (= 0.72.6)
    - React-Core/RCTNetworkHeaders (= 0.72.6)
    - React-jsi (= 0.72.6)
    - ReactCommon/turbomodule/core (= 0.72.6)
  - React-RCTSettings (0.72.6):
    - RCT-Folly (= 2021.07.22.00)
    - RCTTypeSafety (= 0.72.6)
    - React-Codegen (= 0.72.6)
    - React-Core/RCTSettingsHeaders (= 0.72.6)
    - React-jsi (= 0.72.6)
    - ReactCommon/turbomodule/core (= 0.72.6)
  - React-RCTText (0.72.6):
    - React-Core/RCTTextHeaders (= 0.72.6)
  - React-RCTVibration (0.72.6):
    - RCT-Folly (= 2021.07.22.00)
    - React-Codegen (= 0.72.6)
    - React-Core/RCTVibrationHeaders (= 0.72.6)
    - React-jsi (= 0.72.6)
    - ReactCommon/turbomodule/core (= 0.72.6)
  - React-rncore (0.72.6)
  - React-runtimeexecutor (0.72.6):
    - React-jsi (= 0.72.6)
  - React-runtimescheduler (0.72.6):
    - glog
    - hermes-engine
    - RCT-Folly (= 2021.07.22.00)
    - React-callinvoker
    - React-debug
    - React-jsi
    - React-runtimeexecutor
  - React-utils (0.72.6):
    - glog
    - RCT-Folly (= 2021.07.22.00)
    - React-debug
  - ReactCommon/turbomodule/bridging (0.72.6):
    - DoubleConversion
    - glog
    - hermes-engine
    - RCT-Folly (= 2021.07.22.00)
    - React-callinvoker (= 0.72.6)
    - React-cxxreact (= 0.72.6)
    - React-jsi (= 0.72.6)
    - React-logger (= 0.72.6)
    - React-perflogger (= 0.72.6)
  - ReactCommon/turbomodule/core (0.72.6):
    - DoubleConversion
    - glog
    - hermes-engine
    - RCT-Folly (= 2021.07.22.00)
    - React-callinvoker (= 0.72.6)
    - React-cxxreact (= 0.72.6)
    - React-jsi (= 0.72.6)
    - React-logger (= 0.72.6)
    - React-perflogger (= 0.72.6)
  - RNFastImage (8.6.3):
    - React-Core
    - SDWebImage (~> 5.11.1)
    - SDWebImageWebPCoder (~> 0.8.4)
  - RNScreens (3.29.0):
    - RCT-Folly (= 2021.07.22.00)
    - React-Core
  - SDWebImage (5.11.1):
    - SDWebImage/Core (= 5.11.1)
  - SDWebImage/Core (5.11.1)
  - SDWebImageWebPCoder (0.8.5):
    - libwebp (~> 1.0)
    - SDWebImage/Core (~> 5.10)
  - SocketRocket (0.6.1)
  - Yoga (1.14.0)

DEPENDENCIES:
  - boost (from `../node_modules/react-native/third-party-podspecs/boost.podspec`)
  - DoubleConversion (from `../node_modules/react-native/third-party-podspecs/DoubleConversion.podspec`)
  - FBLazyVector (from `../node_modules/react-native/Libraries/FBLazyVector`)
  - FBReactNativeSpec (from `../node_modules/react-native/React/FBReactNativeSpec`)
  - glog (from `../node_modules/react-native/third-party-podspecs/glog.podspec`)
  - hermes-engine (from `../node_modules/react-native/sdks/hermes-engine/hermes-engine.podspec`)
  - libevent (~> 2.1.12)
  - RCT-Folly (from `../node_modules/react-native/third-party-podspecs/RCT-Folly.podspec`)
  - RCTRequired (from `../node_modules/react-native/Libraries/RCTRequired`)
  - RCTTypeSafety (from `../node_modules/react-native/Libraries/TypeSafety`)
  - React (from `../node_modules/react-native/`)
  - React-callinvoker (from `../node_modules/react-native/ReactCommon/callinvoker`)
  - React-Codegen (from `build/generated/ios`)
  - React-Core (from `../node_modules/react-native/`)
  - React-Core/RCTWebSocket (from `../node_modules/react-native/`)
  - React-CoreModules (from `../node_modules/react-native/React/CoreModules`)
  - React-cxxreact (from `../node_modules/react-native/ReactCommon/cxxreact`)
  - React-debug (from `../node_modules/react-native/ReactCommon/react/debug`)
  - React-hermes (from `../node_modules/react-native/ReactCommon/hermes`)
  - React-jsi (from `../node_modules/react-native/ReactCommon/jsi`)
  - React-jsiexecutor (from `../node_modules/react-native/ReactCommon/jsiexecutor`)
  - React-jsinspector (from `../node_modules/react-native/ReactCommon/jsinspector`)
  - React-logger (from `../node_modules/react-native/ReactCommon/logger`)
  - react-native-safe-area-context (from `../node_modules/react-native-safe-area-context`)
  - React-NativeModulesApple (from `../node_modules/react-native/ReactCommon/react/nativemodule/core/platform/ios`)
  - React-perflogger (from `../node_modules/react-native/ReactCommon/reactperflogger`)
  - React-RCTActionSheet (from `../node_modules/react-native/Libraries/ActionSheetIOS`)
  - React-RCTAnimation (from `../node_modules/react-native/Libraries/NativeAnimation`)
  - React-RCTAppDelegate (from `../node_modules/react-native/Libraries/AppDelegate`)
  - React-RCTBlob (from `../node_modules/react-native/Libraries/Blob`)
  - React-RCTImage (from `../node_modules/react-native/Libraries/Image`)
  - React-RCTLinking (from `../node_modules/react-native/Libraries/LinkingIOS`)
  - React-RCTNetwork (from `../node_modules/react-native/Libraries/Network`)
  - React-RCTSettings (from `../node_modules/react-native/Libraries/Settings`)
  - React-RCTText (from `../node_modules/react-native/Libraries/Text`)
  - React-RCTVibration (from `../node_modules/react-native/Libraries/Vibration`)
  - React-rncore (from `../node_modules/react-native/ReactCommon`)
  - React-runtimeexecutor (from `../node_modules/react-native/ReactCommon/runtimeexecutor`)
  - React-runtimescheduler (from `../node_modules/react-native/ReactCommon/react/renderer/runtimescheduler`)
  - React-utils (from `../node_modules/react-native/ReactCommon/react/utils`)
  - ReactCommon/turbomodule/core (from `../node_modules/react-native/ReactCommon`)
  - RNFastImage (from `../node_modules/react-native-fast-image`)
  - RNScreens (from `../node_modules/react-native-screens`)
  - Yoga (from `../node_modules/react-native/ReactCommon/yoga`)

SPEC REPOS:
  trunk:
    - fmt
    - libevent
    - libwebp
    - SDWebImage
    - SDWebImageWebPCoder
    - SocketRocket

EXTERNAL SOURCES:
  boost:
    :podspec: "../node_modules/react-native/third-party-podspecs/boost.podspec"
  DoubleConversion:
    :podspec: "../node_modules/react-native/third-party-podspecs/DoubleConversion.podspec"
  FBLazyVector:
    :path: "../node_modules/react-native/Libraries/FBLazyVector"
  FBReactNativeSpec:
    :path: "../node_modules/react-native/React/FBReactNativeSpec"
  glog:
    :podspec: "../node_modules/react-native/third-party-podspecs/glog.podspec"
  hermes-engine:
    :podspec: "../node_modules/react-native/sdks/hermes-engine/hermes-engine.podspec"
    :tag: hermes-2023-08-07-RNv0.72.4-813b2def12bc9df02654b3e3653ae4a68d0572e0
  RCT-Folly:
    :podspec: "../node_modules/react-native/third-party-podspecs/RCT-Folly.podspec"
  RCTRequired:
    :path: "../node_modules/react-native/Libraries/RCTRequired"
  RCTTypeSafety:
    :path: "../node_modules/react-native/Libraries/TypeSafety"
  React:
    :path: "../node_modules/react-native/"
  React-callinvoker:
    :path: "../node_modules/react-native/ReactCommon/callinvoker"
  React-Codegen:
    :path: build/generated/ios
  React-Core:
    :path: "../node_modules/react-native/"
  React-CoreModules:
    :path: "../node_modules/react-native/React/CoreModules"
  React-cxxreact:
    :path: "../node_modules/react-native/ReactCommon/cxxreact"
  React-debug:
    :path: "../node_modules/react-native/ReactCommon/react/debug"
  React-hermes:
    :path: "../node_modules/react-native/ReactCommon/hermes"
  React-jsi:
    :path: "../node_modules/react-native/ReactCommon/jsi"
  React-jsiexecutor:
    :path: "../node_modules/react-native/ReactCommon/jsiexecutor"
  React-jsinspector:
    :path: "../node_modules/react-native/ReactCommon/jsinspector"
  React-logger:
    :path: "../node_modules/react-native/ReactCommon/logger"
  react-native-safe-area-context:
    :path: "../node_modules/react-native-safe-area-context"
  React-NativeModulesApple:
    :path: "../node_modules/react-native/ReactCommon/react/nativemodule/core/platform/ios"
  React-perflogger:
    :path: "../node_modules/react-native/ReactCommon/reactperflogger"
  React-RCTActionSheet:
    :path: "../node_modules/react-native/Libraries/ActionSheetIOS"
  React-RCTAnimation:
    :path: "../node_modules/react-native/Libraries/NativeAnimation"
  React-RCTAppDelegate:
    :path: "../node_modules/react-native/Libraries/AppDelegate"
  React-RCTBlob:
    :path: "../node_modules/react-native/Libraries/Blob"
  React-RCTImage:
    :path: "../node_modules/react-native/Libraries/Image"
  React-RCTLinking:
    :path: "../node_modules/react-native/Libraries/LinkingIOS"
  React-RCTNetwork:
    :path: "../node_modules/react-native/Libraries/Network"
  React-RCTSettings:
    :path: "../node_modules/react-native/Libraries/Settings"
  React-RCTText:
    :path: "../node_modules/react-native/Libraries/Text"
  React-RCTVibration:
    :path: "../node_modules/react-native/Libraries/Vibration"
  React-rncore:
    :path: "../node_modules/react-native/ReactCommon"
  React-runtimeexecutor:
    :path: "../node_modules/react-native/ReactCommon/runtimeexecutor"
  React-runtimescheduler:
    :path: "../node_modules/react-native/ReactCommon/react/renderer/runtimescheduler"
  React-utils:
    :path: "../node_modules/react-native/ReactCommon/react/utils"
  ReactCommon:
    :path: "../node_modules/react-native/ReactCommon"
  RNFastImage:
    :path: "../node_modules/react-native-fast-image"
  RNScreens:
    :path: "../node_modules/react-native-screens"
  Yoga:
    :path: "../node_modules/react-native/ReactCommon/yoga"

SPEC CHECKSUMS:
  boost: 64032b9e9b938fda23325e68a3771f0fabf414dc
  DoubleConversion: 7a34ab766cc3d449ccc22164fbda9e72f6d8c26a
  FBLazyVector: 57e10c5790d218a68da9ffa8a5375c95c98439d2
  FBReactNativeSpec: eb601a148cab69bf384aed3ab003fc67d4557d65
  fmt: ff9d55029c625d3757ed641535fd4a75fedc7ce9
  glog: 9af83323eca8ca4939f2646ebebfdede7bd8d79f
  hermes-engine: 6a3d6bc13f855b394ae2343b600604743693f7fe
  libevent: 4049cae6c81cdb3654a443be001fb9bdceff7913
  libwebp: 02b23773aedb6ff1fd38cec7a77b81414c6842a8
  RCT-Folly: 8dc08ca5a393b48b1c523ab6220dfdcc0fe000ad
  RCTRequired: 3baeb9bd525a8e6333e590a0ce28297fdababe66
  RCTTypeSafety: c1be0d5ee7c5204169a00466abaf5196bc345680
  React: 2e1ec34cee31c48f52738281c479d0b93a14f1de
  React-callinvoker: ea4e7d833b1bc6a1a064c2fc480d110b906ea216
  React-Codegen: 9563a0f9e64d6942d5d8768a6e975cdedb1615f3
  React-Core: 2678ea2bb27de1f557c859515c4cfcb723b1c5bb
  React-CoreModules: d4c49575502cd9471ea4c06179041c2128e3f13c
  React-cxxreact: 599d0173b260d27ba81a212bbc614462fcfc5403
  React-debug: 2f35eb89cceb4575abac253f075150c9144e9203
  React-hermes: 0aa40bd2d32ed50da6500a203cb69078f524729c
  React-jsi: a575685aaeef0829e3b18cbb2f040487fcde67a5
  React-jsiexecutor: f7a0e183e2b493928997c647a4fd744d5fc38752
  React-jsinspector: 5f6889c5f4e6cff6b96d1007bd2303c98da85f48
  React-logger: 11ce1954b3f6c09df63ec65c5011e7f8758007c3
  react-native-safe-area-context: 547a82d22b07d8537997395b85d3acd8e69963ee
  React-NativeModulesApple: b4c903e4ccbdeb3de9fa9555a308e97921ec5e62
  React-perflogger: b1b482099c7b7cf23285871f0f8f51e0844b7b5f
  React-RCTActionSheet: 6900fda7312a3c808f884348e80965529b76d7b0
  React-RCTAnimation: 88cacc6e0965e0cf61da918d21f9abff56283241
  React-RCTAppDelegate: 54c432cca36a42f70169be5bf5036b9f5e310f0f
  React-RCTBlob: b1e9406ace12de932dcbcf9fe72f405f59b3bb83
  React-RCTImage: f9c741d4a91732cd1d4a3ff32b5e5c028d7fbf1d
  React-RCTLinking: f485d899afec782eeffea6220fd9123299b7c75e
  React-RCTNetwork: 2b4c281437a76db82ce8a1a3c793d5a0534f7623
  React-RCTSettings: 56034d0324ab1deaf667e0a13f26eb85081a7ec0
  React-RCTText: 42223051398fb56f6f0816f7e258c986ad5acb74
  React-RCTVibration: ea9d28dd6966939851e3aec31dcb5675cf62dc75
  React-rncore: bbbd8454c5748374bb9548718ee2a57b51c00e91
  React-runtimeexecutor: 6fd24e77621ac1bad6ff63b7d7eaf089483b9193
  React-runtimescheduler: 5b5f91b1940887ee4d5a39669ab1dd3135e31d12
  React-utils: cc56122dabddebc9d83e19d9dcda4f74b60e0ce9
  ReactCommon: c91dd880ccd893e96c01357c99a04eb6368e0f20
  RNFastImage: 624aacd7f03d4e1e5b5f8dd76add8b97930f0a6c
  RNScreens: a425ae50ad66d024a6e936121bf5c9fbe6a5cdc6
  SDWebImage: a7f831e1a65eb5e285e3fb046a23fcfbf08e696d
  SDWebImageWebPCoder: 908b83b6adda48effe7667cd2b7f78c897e5111d
  SocketRocket: f32cd54efbe0f095c4d7594881e52619cfe80b17
  Yoga: ff4220aafddb4e5356d90a4192db73e6545fd2c4

PODFILE CHECKSUM: 03571dacae7cbacde6b90f92b2736e332102085f

COCOAPODS: 1.16.2
